# Reviewed laiue revision for reproducible release builds.
# Local development builds the current sibling source tree; downloaded
# development builds and CI follow main. Only SOS_ENGINE_REVISION=locked,
# tags and release/* branches use this snapshot. It does not pin local edits.
# Validate the required platform matrix before updating the release baseline.
#
# https://github.com/landiunload/laiue
201ea91edaaa4e90b74782a3c223956d0ce69ab1
