# Reviewed laiue revision for reproducible release builds.
# Development CI follows the engine main branch; tags and release/* branches
# build exactly this commit. Update it only after the whole matrix is green on
# the new engine revision: the repositories are joined by sources, not by a
# published package.
#
# https://github.com/landiunload/laiue
eee436c8bcf105bab06a2a941ee5ee65e1621b89
